schema: '2.0'
stages:
  preprocess:
    cmd: python -m recsys.pipelines.preprocess
    deps:
    - path: data/raw/ratings.csv
      hash: md5
      md5: 325a6f09399d1c45671f187505e1a100
      size: 2483723
    - path: src/recsys/data/dataset.py
      hash: md5
      md5: 46a30b577c249cfa916efaa7cf7475ae
      size: 4008
    - path: src/recsys/pipelines/preprocess.py
      hash: md5
      md5: 46de1835c6e3757e7b254516fff1a394
      size: 1581
    params:
      configs/params.yaml:
        data:
          min_user_interactions: 5
          min_item_interactions: 5
          validation_fraction: 0.1
          test_fraction: 0.1
        seed: 42
    outs:
    - path: data/processed/interactions.parquet
      hash: md5
      md5: 178e7108069e8af2da04e27e90d63e2d
      size: 728931
  feature_eng:
    cmd: python -m recsys.pipelines.feature_eng
    deps:
    - path: data/processed/interactions.parquet
      hash: md5
      md5: 178e7108069e8af2da04e27e90d63e2d
      size: 728931
    - path: src/recsys/data
      hash: md5
      md5: 95b0da012a70fcbc1b7b5d6c92163a88.dir
      size: 13435
      nfiles: 5
    - path: src/recsys/features
      hash: md5
      md5: 91307600f6c7c42c54bf8dbab9f60fc5.dir
      size: 9863
      nfiles: 3
    - path: src/recsys/pipelines/feature_eng.py
      hash: md5
      md5: f49b0bd8e91aba9d145892c9125907e1
      size: 4818
    - path: src/recsys/preprocessing
      hash: md5
      md5: f9de7adb2aa9f771753738aa127a7ee2.dir
      size: 9486
      nfiles: 4
    params:
      configs/params.yaml:
        data:
          min_user_interactions: 5
          min_item_interactions: 5
          validation_fraction: 0.1
          test_fraction: 0.1
        features:
          positive_threshold: 4.0
          scaler: standard
        seed: 42
    outs:
    - path: data/processed/feature_store.json
      hash: md5
      md5: 639a7dcbf45c32396313d42ed79cc5a2
      size: 257550
    - path: data/processed/preprocessor.joblib
      hash: md5
      md5: 9c61b7f78fd9deb1a049622135a51963
      size: 1549
    - path: data/processed/test.parquet
      hash: md5
      md5: 2681aaff667d580c4ff972560c46eda4
      size: 175235
    - path: data/processed/train.parquet
      hash: md5
      md5: 0205182ce08c9f818984e667b2f7ecea
      size: 925534
    - path: data/processed/validation.parquet
      hash: md5
      md5: 8d67cd308bb6d6309e01e88335ad61c4
      size: 174344
  train@mlp:
    cmd: python -m recsys.pipelines.train --model mlp
    deps:
    - path: data/processed/feature_store.json
      hash: md5
      md5: 639a7dcbf45c32396313d42ed79cc5a2
      size: 257550
    - path: data/processed/train.parquet
      hash: md5
      md5: 0205182ce08c9f818984e667b2f7ecea
      size: 925534
    - path: data/processed/validation.parquet
      hash: md5
      md5: 8d67cd308bb6d6309e01e88335ad61c4
      size: 174344
    - path: src/recsys/metrics.py
      hash: md5
      md5: 7c222648bae593bf44aaa220035351ae
      size: 5528
    - path: src/recsys/models
      hash: md5
      md5: 54a98d273f001bc6ceab29bbe1168ef9.dir
      size: 25255
      nfiles: 7
    - path: src/recsys/pipelines/train.py
      hash: md5
      md5: ff9fd2341d58a1c227fbe4c85b3844b9
      size: 5967
    - path: src/recsys/tracking
      hash: md5
      md5: a4373238c22fd8f66d488ad89676671e.dir
      size: 10825
      nfiles: 4
    params:
      configs/params.yaml:
        baselines:
          popularity_smoothing: 10.0
          logistic_penalty_strength: 1.0
          logistic_max_iterations: 1000
        evaluation:
          top_k: 10
          decision_threshold: 0.5
          primary_metric: roc_auc
          sample_users: 3
        model:
          embedding_dim: 32
          hidden_dim: 64
          dropout: 0.2
        seed: 42
        training:
          epochs: 30
          batch_size: 512
          learning_rate: 0.003
          weight_decay: 1e-05
          early_stopping_patience: 3
    outs:
    - path: models/mlp/model.joblib
      hash: md5
      md5: 50220405fe9feb2bbcbca5e13235fad8
      size: 576426
    - path: reports/train/mlp.json
      hash: md5
      md5: baa6b3dae5a5f1390a046f4111f10621
      size: 840
  train@popularity:
    cmd: python -m recsys.pipelines.train --model popularity
    deps:
    - path: data/processed/feature_store.json
      hash: md5
      md5: 639a7dcbf45c32396313d42ed79cc5a2
      size: 257550
    - path: data/processed/train.parquet
      hash: md5
      md5: 0205182ce08c9f818984e667b2f7ecea
      size: 925534
    - path: data/processed/validation.parquet
      hash: md5
      md5: 8d67cd308bb6d6309e01e88335ad61c4
      size: 174344
    - path: src/recsys/metrics.py
      hash: md5
      md5: 7c222648bae593bf44aaa220035351ae
      size: 5528
    - path: src/recsys/models
      hash: md5
      md5: 54a98d273f001bc6ceab29bbe1168ef9.dir
      size: 25255
      nfiles: 7
    - path: src/recsys/pipelines/train.py
      hash: md5
      md5: ff9fd2341d58a1c227fbe4c85b3844b9
      size: 5967
    - path: src/recsys/tracking
      hash: md5
      md5: a4373238c22fd8f66d488ad89676671e.dir
      size: 10825
      nfiles: 4
    params:
      configs/params.yaml:
        baselines:
          popularity_smoothing: 10.0
          logistic_penalty_strength: 1.0
          logistic_max_iterations: 1000
        evaluation:
          top_k: 10
          decision_threshold: 0.5
          primary_metric: roc_auc
          sample_users: 3
        model:
          embedding_dim: 32
          hidden_dim: 64
          dropout: 0.2
        seed: 42
        training:
          epochs: 30
          batch_size: 512
          learning_rate: 0.003
          weight_decay: 1e-05
          early_stopping_patience: 3
    outs:
    - path: models/popularity/model.joblib
      hash: md5
      md5: c19d37a1afd969a55931c21c9b56d187
      size: 43655
    - path: reports/train/popularity.json
      hash: md5
      md5: 8d8e1424a60877597e5d00799320d043
      size: 623
  train@logistic:
    cmd: python -m recsys.pipelines.train --model logistic
    deps:
    - path: data/processed/feature_store.json
      hash: md5
      md5: 639a7dcbf45c32396313d42ed79cc5a2
      size: 257550
    - path: data/processed/train.parquet
      hash: md5
      md5: 0205182ce08c9f818984e667b2f7ecea
      size: 925534
    - path: data/processed/validation.parquet
      hash: md5
      md5: 8d67cd308bb6d6309e01e88335ad61c4
      size: 174344
    - path: src/recsys/metrics.py
      hash: md5
      md5: 7c222648bae593bf44aaa220035351ae
      size: 5528
    - path: src/recsys/models
      hash: md5
      md5: 54a98d273f001bc6ceab29bbe1168ef9.dir
      size: 25255
      nfiles: 7
    - path: src/recsys/pipelines/train.py
      hash: md5
      md5: ff9fd2341d58a1c227fbe4c85b3844b9
      size: 5967
    - path: src/recsys/tracking
      hash: md5
      md5: a4373238c22fd8f66d488ad89676671e.dir
      size: 10825
      nfiles: 4
    params:
      configs/params.yaml:
        baselines:
          popularity_smoothing: 10.0
          logistic_penalty_strength: 1.0
          logistic_max_iterations: 1000
        evaluation:
          top_k: 10
          decision_threshold: 0.5
          primary_metric: roc_auc
          sample_users: 3
        model:
          embedding_dim: 32
          hidden_dim: 64
          dropout: 0.2
        seed: 42
        training:
          epochs: 30
          batch_size: 512
          learning_rate: 0.003
          weight_decay: 1e-05
          early_stopping_patience: 3
    outs:
    - path: models/logistic/model.joblib
      hash: md5
      md5: 9725aaec70d652dafba6e72825fe6b86
      size: 957
    - path: reports/train/logistic.json
      hash: md5
      md5: 47c119df377b9a2af43cc7dcc1dd828e
      size: 655
  evaluate:
    cmd: python -m recsys.pipelines.evaluate
    deps:
    - path: data/processed/preprocessor.joblib
      hash: md5
      md5: 9c61b7f78fd9deb1a049622135a51963
      size: 1549
    - path: data/processed/test.parquet
      hash: md5
      md5: 2681aaff667d580c4ff972560c46eda4
      size: 175235
    - path: models/logistic/model.joblib
      hash: md5
      md5: 9725aaec70d652dafba6e72825fe6b86
      size: 957
    - path: models/mlp/model.joblib
      hash: md5
      md5: 50220405fe9feb2bbcbca5e13235fad8
      size: 576426
    - path: models/popularity/model.joblib
      hash: md5
      md5: c19d37a1afd969a55931c21c9b56d187
      size: 43655
    - path: reports/train/logistic.json
      hash: md5
      md5: 47c119df377b9a2af43cc7dcc1dd828e
      size: 655
    - path: reports/train/mlp.json
      hash: md5
      md5: baa6b3dae5a5f1390a046f4111f10621
      size: 840
    - path: reports/train/popularity.json
      hash: md5
      md5: 8d8e1424a60877597e5d00799320d043
      size: 623
    - path: src/recsys/metrics.py
      hash: md5
      md5: 7c222648bae593bf44aaa220035351ae
      size: 5528
    - path: src/recsys/pipelines/evaluate.py
      hash: md5
      md5: 1e1e43d6bc42183c32b0433ad6c4df09
      size: 7910
    - path: src/recsys/ranker.py
      hash: md5
      md5: 5669011fed19e1fb840c56fd4be821a3
      size: 3785
    params:
      configs/params.yaml:
        evaluation:
          top_k: 10
          decision_threshold: 0.5
          primary_metric: roc_auc
          sample_users: 3
    outs:
    - path: reports/comparison.md
      hash: md5
      md5: 999111ca92b6e5d23a4008881e410faf
      size: 629
    - path: reports/metrics.json
      hash: md5
      md5: 6426ba896b1b883859fd2de4a3a054e6
      size: 1407
    - path: reports/model_registry.json
      hash: md5
      md5: f56948c3908de2879935fb17fd94d4a0
      size: 164
    - path: reports/sample_recommendations.json
      hash: md5
      md5: 42c79c71ed0b00361d8db32b69cf41fd
      size: 2745
