schema: '2.0'
stages:
  preprocess:
    cmd: python -m recsys.pipelines.preprocess
    deps:
    - path: data/raw/ratings.csv
      hash: md5
      md5: 325a6f09399d1c45671f187505e1a100
      size: 2483723
    - path: src/recsys/data/dataset.py
      hash: md5
      md5: 9522c604534985f408da02d7e33361d4
      size: 3702
    - path: src/recsys/pipelines/preprocess.py
      hash: md5
      md5: e9baf59f06fe5455fadc77f84290e507
      size: 1852
    params:
      configs/params.yaml:
        data:
          min_user_interactions: 5
          min_item_interactions: 5
          validation_fraction: 0.1
          test_fraction: 0.1
        seed: 42
    outs:
    - path: data/processed/interactions.parquet
      hash: md5
      md5: 178e7108069e8af2da04e27e90d63e2d
      size: 728931
  feature_eng:
    cmd: python -m recsys.pipelines.feature_eng
    deps:
    - path: data/processed/interactions.parquet
      hash: md5
      md5: 178e7108069e8af2da04e27e90d63e2d
      size: 728931
    - path: src/recsys/data
      hash: md5
      md5: b88d310f975046358693eb53a62e5f32.dir
      size: 12080
      nfiles: 5
    - path: src/recsys/features
      hash: md5
      md5: 0bcc6345e52341afe83392b95cc4c6b9.dir
      size: 7967
      nfiles: 3
    - path: src/recsys/pipelines/feature_eng.py
      hash: md5
      md5: bc1a7d8f7f10d528f281a5531bff4e64
      size: 3923
    - path: src/recsys/preprocessing
      hash: md5
      md5: df968c0e434e66f9d42ecbcd0622b339.dir
      size: 9077
      nfiles: 4
    params:
      configs/params.yaml:
        data:
          min_user_interactions: 5
          min_item_interactions: 5
          validation_fraction: 0.1
          test_fraction: 0.1
        features:
          positive_threshold: 4.0
          scaler: standard
        seed: 42
    outs:
    - path: data/processed/feature_store.json
      hash: md5
      md5: 639a7dcbf45c32396313d42ed79cc5a2
      size: 257550
    - path: data/processed/test.parquet
      hash: md5
      md5: 2681aaff667d580c4ff972560c46eda4
      size: 175235
    - path: data/processed/train.parquet
      hash: md5
      md5: 0205182ce08c9f818984e667b2f7ecea
      size: 925534
    - path: data/processed/validation.parquet
      hash: md5
      md5: 8d67cd308bb6d6309e01e88335ad61c4
      size: 174344
  train@mlp:
    cmd: python -m recsys.pipelines.train --model mlp
    deps:
    - path: data/processed/feature_store.json
      hash: md5
      md5: 639a7dcbf45c32396313d42ed79cc5a2
      size: 257550
    - path: data/processed/train.parquet
      hash: md5
      md5: 0205182ce08c9f818984e667b2f7ecea
      size: 925534
    - path: data/processed/validation.parquet
      hash: md5
      md5: 8d67cd308bb6d6309e01e88335ad61c4
      size: 174344
    - path: src/recsys/metrics.py
      hash: md5
      md5: 97733ab79c9a4da50fb30327fbd85b3b
      size: 4955
    - path: src/recsys/models
      hash: md5
      md5: 145eeefe63b69b5de73cfa72c7951c2a.dir
      size: 23363
      nfiles: 7
    - path: src/recsys/pipelines/train.py
      hash: md5
      md5: 686e98076090ebfc8e89d413cf3017b7
      size: 4362
    - path: src/recsys/tracking
      hash: md5
      md5: 1316abc8eda514f2a45b0fa64dc67e3a.dir
      size: 9858
      nfiles: 3
    params:
      configs/params.yaml:
        baselines:
          popularity_smoothing: 10.0
          logistic_penalty_strength: 1.0
          logistic_max_iterations: 1000
        evaluation:
          top_k: 10
          decision_threshold: 0.5
          primary_metric: roc_auc
        model:
          embedding_dim: 32
          hidden_dim: 64
          dropout: 0.2
        seed: 42
        training:
          epochs: 30
          batch_size: 512
          learning_rate: 0.003
          weight_decay: 1e-05
          early_stopping_patience: 3
    outs:
    - path: models/mlp/model.joblib
      hash: md5
      md5: 16c25a70473da4343598a648ea98d539
      size: 576426
    - path: reports/train/mlp.json
      hash: md5
      md5: be81246958cc1c236ff116a767962154
      size: 840
  train@popularity:
    cmd: python -m recsys.pipelines.train --model popularity
    deps:
    - path: data/processed/feature_store.json
      hash: md5
      md5: 639a7dcbf45c32396313d42ed79cc5a2
      size: 257550
    - path: data/processed/train.parquet
      hash: md5
      md5: 0205182ce08c9f818984e667b2f7ecea
      size: 925534
    - path: data/processed/validation.parquet
      hash: md5
      md5: 8d67cd308bb6d6309e01e88335ad61c4
      size: 174344
    - path: src/recsys/metrics.py
      hash: md5
      md5: 97733ab79c9a4da50fb30327fbd85b3b
      size: 4955
    - path: src/recsys/models
      hash: md5
      md5: 145eeefe63b69b5de73cfa72c7951c2a.dir
      size: 23363
      nfiles: 7
    - path: src/recsys/pipelines/train.py
      hash: md5
      md5: 686e98076090ebfc8e89d413cf3017b7
      size: 4362
    - path: src/recsys/tracking
      hash: md5
      md5: 1316abc8eda514f2a45b0fa64dc67e3a.dir
      size: 9858
      nfiles: 3
    params:
      configs/params.yaml:
        baselines:
          popularity_smoothing: 10.0
          logistic_penalty_strength: 1.0
          logistic_max_iterations: 1000
        evaluation:
          top_k: 10
          decision_threshold: 0.5
          primary_metric: roc_auc
        model:
          embedding_dim: 32
          hidden_dim: 64
          dropout: 0.2
        seed: 42
        training:
          epochs: 30
          batch_size: 512
          learning_rate: 0.003
          weight_decay: 1e-05
          early_stopping_patience: 3
    outs:
    - path: models/popularity/model.joblib
      hash: md5
      md5: c19d37a1afd969a55931c21c9b56d187
      size: 43655
    - path: reports/train/popularity.json
      hash: md5
      md5: 4df87faac2f6528d9dea311b01889e51
      size: 623
  train@logistic:
    cmd: python -m recsys.pipelines.train --model logistic
    deps:
    - path: data/processed/feature_store.json
      hash: md5
      md5: 639a7dcbf45c32396313d42ed79cc5a2
      size: 257550
    - path: data/processed/train.parquet
      hash: md5
      md5: 0205182ce08c9f818984e667b2f7ecea
      size: 925534
    - path: data/processed/validation.parquet
      hash: md5
      md5: 8d67cd308bb6d6309e01e88335ad61c4
      size: 174344
    - path: src/recsys/metrics.py
      hash: md5
      md5: 97733ab79c9a4da50fb30327fbd85b3b
      size: 4955
    - path: src/recsys/models
      hash: md5
      md5: 145eeefe63b69b5de73cfa72c7951c2a.dir
      size: 23363
      nfiles: 7
    - path: src/recsys/pipelines/train.py
      hash: md5
      md5: 686e98076090ebfc8e89d413cf3017b7
      size: 4362
    - path: src/recsys/tracking
      hash: md5
      md5: 1316abc8eda514f2a45b0fa64dc67e3a.dir
      size: 9858
      nfiles: 3
    params:
      configs/params.yaml:
        baselines:
          popularity_smoothing: 10.0
          logistic_penalty_strength: 1.0
          logistic_max_iterations: 1000
        evaluation:
          top_k: 10
          decision_threshold: 0.5
          primary_metric: roc_auc
        model:
          embedding_dim: 32
          hidden_dim: 64
          dropout: 0.2
        seed: 42
        training:
          epochs: 30
          batch_size: 512
          learning_rate: 0.003
          weight_decay: 1e-05
          early_stopping_patience: 3
    outs:
    - path: models/logistic/model.joblib
      hash: md5
      md5: 9725aaec70d652dafba6e72825fe6b86
      size: 957
    - path: reports/train/logistic.json
      hash: md5
      md5: 8a424e0b2e91086c38323ed043d6d1db
      size: 655
  evaluate:
    cmd: python -m recsys.pipelines.evaluate
    deps:
    - path: data/processed/test.parquet
      hash: md5
      md5: 2681aaff667d580c4ff972560c46eda4
      size: 175235
    - path: models/logistic/model.joblib
      hash: md5
      md5: 9725aaec70d652dafba6e72825fe6b86
      size: 957
    - path: models/mlp/model.joblib
      hash: md5
      md5: 16c25a70473da4343598a648ea98d539
      size: 576426
    - path: models/popularity/model.joblib
      hash: md5
      md5: c19d37a1afd969a55931c21c9b56d187
      size: 43655
    - path: reports/train/logistic.json
      hash: md5
      md5: 8a424e0b2e91086c38323ed043d6d1db
      size: 655
    - path: reports/train/mlp.json
      hash: md5
      md5: be81246958cc1c236ff116a767962154
      size: 840
    - path: reports/train/popularity.json
      hash: md5
      md5: 4df87faac2f6528d9dea311b01889e51
      size: 623
    - path: src/recsys/metrics.py
      hash: md5
      md5: 97733ab79c9a4da50fb30327fbd85b3b
      size: 4955
    - path: src/recsys/pipelines/evaluate.py
      hash: md5
      md5: 9197f46195f25331817eba26276e52ed
      size: 5208
    params:
      configs/params.yaml:
        evaluation:
          top_k: 10
          decision_threshold: 0.5
          primary_metric: roc_auc
    outs:
    - path: reports/comparison.md
      hash: md5
      md5: 999111ca92b6e5d23a4008881e410faf
      size: 629
    - path: reports/metrics.json
      hash: md5
      md5: 6426ba896b1b883859fd2de4a3a054e6
      size: 1407
    - path: reports/model_registry.json
      hash: md5
      md5: ee3964fa534cc1e83e403edbed935a58
      size: 164
